
Microsoft Visual Studio Solution File, Format Version 12.00
# Visual Studio Version 17
VisualStudioVersion = 17.8.34330.188
MinimumVisualStudioVersion = 10.0.40219.1
Project("{FAE04EC0-301F-11D3-BF4B-00C04F79EFBC}") = "SistemaDeTarefa", "SistemaDeTarefa.csproj", "{A63E63A2-71EA-4C4E-B3A8-B124911570E5}"
EndProject
Global
	GlobalSection(SolutionConfigurationPlatforms) = preSolution
		Debug|Any CPU = Debug|Any CPU
		Release|Any CPU = Release|Any CPU
	EndGlobalSection
	GlobalSection(ProjectConfigurationPlatforms) = postSolution
		{A63E63A2-71EA-4C4E-B3A8-B124911570E5}.Debug|Any CPU.ActiveCfg = Debug|Any CPU
		{A63E63A2-71EA-4C4E-B3A8-B124911570E5}.Debug|Any CPU.Build.0 = Debug|Any CPU
		{A63E63A2-71EA-4C4E-B3A8-B124911570E5}.Release|Any CPU.ActiveCfg = Release|Any CPU
		{A63E63A2-71EA-4C4E-B3A8-B124911570E5}.Release|Any CPU.Build.0 = Release|Any CPU
	EndGlobalSection
	GlobalSection(SolutionProperties) = preSolution
		HideSolutionNode = FALSE
	EndGlobalSection
	GlobalSection(ExtensibilityGlobals) = postSolution
		SolutionGuid = {FEAB556C-C390-41E0-873E-BFB03D6F4E3F}
	EndGlobalSection
EndGlobal
